
Microsoft Visual Studio Solution File, Format Version 12.00
# Visual Studio Version 17
VisualStudioVersion = 17.8.34330.188
MinimumVisualStudioVersion = 10.0.40219.1
Project("{FAE04EC0-301F-11D3-BF4B-00C04F79EFBC}") = "WebBookingHotel", "WebBookingHotel\WebBookingHotel.csproj", "{033B8E05-2923-4320-B362-BE830B77199E}"
EndProject
Global
	GlobalSection(SolutionConfigurationPlatforms) = preSolution
		Debug|Any CPU = Debug|Any CPU
		Release|Any CPU = Release|Any CPU
	EndGlobalSection
	GlobalSection(ProjectConfigurationPlatforms) = postSolution
		{033B8E05-2923-4320-B362-BE830B77199E}.Debug|Any CPU.ActiveCfg = Debug|Any CPU
		{033B8E05-2923-4320-B362-BE830B77199E}.Debug|Any CPU.Build.0 = Debug|Any CPU
		{033B8E05-2923-4320-B362-BE830B77199E}.Release|Any CPU.ActiveCfg = Release|Any CPU
		{033B8E05-2923-4320-B362-BE830B77199E}.Release|Any CPU.Build.0 = Release|Any CPU
	EndGlobalSection
	GlobalSection(SolutionProperties) = preSolution
		HideSolutionNode = FALSE
	EndGlobalSection
	GlobalSection(ExtensibilityGlobals) = postSolution
		SolutionGuid = {69F9E96A-19DE-4F68-AE78-614A68DD36B0}
	EndGlobalSection
EndGlobal
